
Microsoft Visual Studio Solution File, Format Version 12.00
# Visual Studio Version 16
VisualStudioVersion = 16.0.33328.57
MinimumVisualStudioVersion = 10.0.40219.1
Project("{8BC9CEB8-8B4A-11D0-8D11-00A0C91BC942}") = "printer", "printer\printer.vcxproj", "{108ADB85-B727-49D0-BC67-0C4E8CD73227}"
EndProject
Global
	GlobalSection(SolutionConfigurationPlatforms) = preSolution
		Debug|x64 = Debug|x64
		Debug|x86 = Debug|x86
		Release|x64 = Release|x64
		Release|x86 = Release|x86
	EndGlobalSection
	GlobalSection(ProjectConfigurationPlatforms) = postSolution
		{108ADB85-B727-49D0-BC67-0C4E8CD73227}.Debug|x64.ActiveCfg = Debug|x64
		{108ADB85-B727-49D0-BC67-0C4E8CD73227}.Debug|x64.Build.0 = Debug|x64
		{108ADB85-B727-49D0-BC67-0C4E8CD73227}.Debug|x86.ActiveCfg = Debug|Win32
		{108ADB85-B727-49D0-BC67-0C4E8CD73227}.Debug|x86.Build.0 = Debug|Win32
		{108ADB85-B727-49D0-BC67-0C4E8CD73227}.Release|x64.ActiveCfg = Release|x64
		{108ADB85-B727-49D0-BC67-0C4E8CD73227}.Release|x64.Build.0 = Release|x64
		{108ADB85-B727-49D0-BC67-0C4E8CD73227}.Release|x86.ActiveCfg = Release|Win32
		{108ADB85-B727-49D0-BC67-0C4E8CD73227}.Release|x86.Build.0 = Release|Win32
	EndGlobalSection
	GlobalSection(SolutionProperties) = preSolution
		HideSolutionNode = FALSE
	EndGlobalSection
	GlobalSection(ExtensibilityGlobals) = postSolution
		SolutionGuid = {418566E2-6F90-4636-88B7-C9F54DC3DBD3}
	EndGlobalSection
EndGlobal
